
Microsoft Visual Studio Solution File, Format Version 12.00
# Visual Studio 14
VisualStudioVersion = 14.0.21901.1
MinimumVisualStudioVersion = 10.0.40219.1
Project("{FAE04EC0-301F-11D3-BF4B-00C04F79EFBC}") = "com.ParttimeSoftware.SQL.BulkUpdate", "com.ParttimeSoftware.SQL.BulkUpdate\com.ParttimeSoftware.SQL.BulkUpdate.csproj", "{48443181-E622-45B3-B841-003AB9776A4D}"
EndProject
Project("{FAE04EC0-301F-11D3-BF4B-00C04F79EFBC}") = "com.ParttimeSoftware.SQL.BulkUpdate.Test", "com.ParttimeSoftware.SQL.BulkUpdate.Test\com.ParttimeSoftware.SQL.BulkUpdate.Test.csproj", "{2974F86F-EA4A-48B7-A3F4-A4F03553C65B}"
EndProject
Global
	GlobalSection(SolutionConfigurationPlatforms) = preSolution
		Debug|Any CPU = Debug|Any CPU
		Release|Any CPU = Release|Any CPU
	EndGlobalSection
	GlobalSection(ProjectConfigurationPlatforms) = postSolution
		{48443181-E622-45B3-B841-003AB9776A4D}.Debug|Any CPU.ActiveCfg = Debug|Any CPU
		{48443181-E622-45B3-B841-003AB9776A4D}.Debug|Any CPU.Build.0 = Debug|Any CPU
		{48443181-E622-45B3-B841-003AB9776A4D}.Release|Any CPU.ActiveCfg = Release|Any CPU
		{48443181-E622-45B3-B841-003AB9776A4D}.Release|Any CPU.Build.0 = Release|Any CPU
		{2974F86F-EA4A-48B7-A3F4-A4F03553C65B}.Debug|Any CPU.ActiveCfg = Debug|Any CPU
		{2974F86F-EA4A-48B7-A3F4-A4F03553C65B}.Debug|Any CPU.Build.0 = Debug|Any CPU
		{2974F86F-EA4A-48B7-A3F4-A4F03553C65B}.Release|Any CPU.ActiveCfg = Release|Any CPU
		{2974F86F-EA4A-48B7-A3F4-A4F03553C65B}.Release|Any CPU.Build.0 = Release|Any CPU
	EndGlobalSection
	GlobalSection(SolutionProperties) = preSolution
		HideSolutionNode = FALSE
	EndGlobalSection
EndGlobal
